// !$*UTF8*$!
{
	archiveVersion = 1;
	classes = {
	};
	objectVersion = 56;
	objects = {

/* Begin PBXBuildFile section */
		423DF4212BD5A1BF00CBB6D5 /* BackgroundGradView.swift in Sources */ = {isa = PBXBuildFile; fileRef = 423DF4202BD5A1BF00CBB6D5 /* BackgroundGradView.swift */; };
		423DF4232BD6369000CBB6D5 /* Constants.swift in Sources */ = {isa = PBXBuildFile; fileRef = 423DF4222BD6369000CBB6D5 /* Constants.swift */; };
		423DF4272BD6DA2C00CBB6D5 /* DropDownMenuView.swift in Sources */ = {isa = PBXBuildFile; fileRef = 423DF4262BD6DA2C00CBB6D5 /* DropDownMenuView.swift */; };
		4241F4642BAC9B1B0048A29B /* BackgroundArt.swift in Sources */ = {isa = PBXBuildFile; fileRef = 4241F4632BAC9B1B0048A29B /* BackgroundArt.swift */; };
		4241F4662BACDC4E0048A29B /* CustomDatePicker.swift in Sources */ = {isa = PBXBuildFile; fileRef = 4241F4652BACDC4E0048A29B /* CustomDatePicker.swift */; };
		4241F4682BB1627A0048A29B /* TotalLogExplorer.swift in Sources */ = {isa = PBXBuildFile; fileRef = 4241F4672BB1627A0048A29B /* TotalLogExplorer.swift */; };
		4241F46C2BB1C6210048A29B /* BankCardModel.swift in Sources */ = {isa = PBXBuildFile; fileRef = 4241F46B2BB1C6210048A29B /* BankCardModel.swift */; };
		4241F46E2BB1CBBF0048A29B /* BankAccountsViewModel.swift in Sources */ = {isa = PBXBuildFile; fileRef = 4241F46D2BB1CBBF0048A29B /* BankAccountsViewModel.swift */; };
		4241F4712BB1E62E0048A29B /* Country.swift in Sources */ = {isa = PBXBuildFile; fileRef = 4241F4702BB1E62E0048A29B /* Country.swift */; };
		4241F4732BB22B030048A29B /* PagingIndicator.swift in Sources */ = {isa = PBXBuildFile; fileRef = 4241F4722BB22B030048A29B /* PagingIndicator.swift */; };
		4241F4772BB3703E0048A29B /* TestView2.swift in Sources */ = {isa = PBXBuildFile; fileRef = 4241F4762BB3703E0048A29B /* TestView2.swift */; };
		4241F4792BB370540048A29B /* TestView.swift in Sources */ = {isa = PBXBuildFile; fileRef = 4241F4782BB370540048A29B /* TestView.swift */; };
		4241F47B2BB574FE0048A29B /* HorizontalAlignment+UnderlineLeading.swift in Sources */ = {isa = PBXBuildFile; fileRef = 4241F47A2BB574FE0048A29B /* HorizontalAlignment+UnderlineLeading.swift */; };
		4242750A2BA4FF72001873A3 /* MoneyTrackerApp.swift in Sources */ = {isa = PBXBuildFile; fileRef = 424275092BA4FF72001873A3 /* MoneyTrackerApp.swift */; };
		4242750C2BA4FF72001873A3 /* ContentView.swift in Sources */ = {isa = PBXBuildFile; fileRef = 4242750B2BA4FF72001873A3 /* ContentView.swift */; };
		4242750E2BA4FF73001873A3 /* Assets.xcassets in Resources */ = {isa = PBXBuildFile; fileRef = 4242750D2BA4FF73001873A3 /* Assets.xcassets */; };
		424275112BA4FF73001873A3 /* Preview Assets.xcassets in Resources */ = {isa = PBXBuildFile; fileRef = 424275102BA4FF73001873A3 /* Preview Assets.xcassets */; };
		4242751B2BA4FF73001873A3 /* MoneyTrackerTests.swift in Sources */ = {isa = PBXBuildFile; fileRef = 4242751A2BA4FF73001873A3 /* MoneyTrackerTests.swift */; };
		424275252BA4FF73001873A3 /* MoneyTrackerUITests.swift in Sources */ = {isa = PBXBuildFile; fileRef = 424275242BA4FF73001873A3 /* MoneyTrackerUITests.swift */; };
		424275272BA4FF73001873A3 /* MoneyTrackerUITestsLaunchTests.swift in Sources */ = {isa = PBXBuildFile; fileRef = 424275262BA4FF73001873A3 /* MoneyTrackerUITestsLaunchTests.swift */; };
		424275392BA50522001873A3 /* LoginView.swift in Sources */ = {isa = PBXBuildFile; fileRef = 424275382BA50522001873A3 /* LoginView.swift */; };
		4251FA472BA63F6D0087ABE7 /* RegistrationView.swift in Sources */ = {isa = PBXBuildFile; fileRef = 4251FA462BA63F6D0087ABE7 /* RegistrationView.swift */; };
		4251FA4A2BAB22C00087ABE7 /* BankAccountsView.swift in Sources */ = {isa = PBXBuildFile; fileRef = 4251FA492BAB22C00087ABE7 /* BankAccountsView.swift */; };
		4251FA4D2BAB2B5E0087ABE7 /* BankCardView.swift in Sources */ = {isa = PBXBuildFile; fileRef = 4251FA4C2BAB2B5E0087ABE7 /* BankCardView.swift */; };
		4251FA502BAB94C90087ABE7 /* Views+NavBarTitleColor.swift in Sources */ = {isa = PBXBuildFile; fileRef = 4251FA4F2BAB94C90087ABE7 /* Views+NavBarTitleColor.swift */; };
		42714FC52BBB1C890085FA7C /* ChartHalfDonut.swift in Sources */ = {isa = PBXBuildFile; fileRef = 42714FC42BBB1C890085FA7C /* ChartHalfDonut.swift */; };
		42714FD22BBEF6440085FA7C /* MakeNewMoneyFlowRecordView.swift in Sources */ = {isa = PBXBuildFile; fileRef = 42714FD12BBEF6440085FA7C /* MakeNewMoneyFlowRecordView.swift */; };
		42714FD42BBEF6A40085FA7C /* AddExpensesView.swift in Sources */ = {isa = PBXBuildFile; fileRef = 42714FD32BBEF6A40085FA7C /* AddExpensesView.swift */; };
		42714FD82BC11D4F0085FA7C /* RegularIncome.swift in Sources */ = {isa = PBXBuildFile; fileRef = 42714FD72BC11D4F0085FA7C /* RegularIncome.swift */; };
		42714FDC2BC1200C0085FA7C /* TemporaryIncome.swift in Sources */ = {isa = PBXBuildFile; fileRef = 42714FDB2BC1200C0085FA7C /* TemporaryIncome.swift */; };
		42714FE62BC16BC10085FA7C /* IncomeModel.swift in Sources */ = {isa = PBXBuildFile; fileRef = 42714FE52BC16BC10085FA7C /* IncomeModel.swift */; };
		428D0FFF2BD9415600EAEC3E /* Icons.swift in Sources */ = {isa = PBXBuildFile; fileRef = 428D0FFE2BD9415600EAEC3E /* Icons.swift */; };
		42A11C252BB6F670003B617D /* LogDateRange.swift in Sources */ = {isa = PBXBuildFile; fileRef = 42A11C242BB6F670003B617D /* LogDateRange.swift */; };
		42A11C272BB6FB93003B617D /* DailyLogView.swift in Sources */ = {isa = PBXBuildFile; fileRef = 42A11C262BB6FB93003B617D /* DailyLogView.swift */; };
		42A11C2A2BB7173B003B617D /* MoneyModel.swift in Sources */ = {isa = PBXBuildFile; fileRef = 42A11C292BB7173B003B617D /* MoneyModel.swift */; };
		42A11C2C2BB7389C003B617D /* LogItemView.swift in Sources */ = {isa = PBXBuildFile; fileRef = 42A11C2B2BB7389C003B617D /* LogItemView.swift */; };
		42A11C2F2BB935E5003B617D /* HomeView.swift in Sources */ = {isa = PBXBuildFile; fileRef = 42A11C2E2BB935E5003B617D /* HomeView.swift */; };
		42B9F0E22BEA338400D719E3 /* IncomeTypes.swift in Sources */ = {isa = PBXBuildFile; fileRef = 42B9F0E12BEA338400D719E3 /* IncomeTypes.swift */; };
		42B9F0E62BEA33F800D719E3 /* SlidingUnderline.swift in Sources */ = {isa = PBXBuildFile; fileRef = 42B9F0E32BEA33F800D719E3 /* SlidingUnderline.swift */; };
		42B9F0E72BEA33F800D719E3 /* WidthPreferenceKey.swift in Sources */ = {isa = PBXBuildFile; fileRef = 42B9F0E42BEA33F800D719E3 /* WidthPreferenceKey.swift */; };
		42B9F0E82BEA33F800D719E3 /* CustomUnderlineView.swift in Sources */ = {isa = PBXBuildFile; fileRef = 42B9F0E52BEA33F800D719E3 /* CustomUnderlineView.swift */; };
		42B9F0EB2BEA354D00D719E3 /* TextFormatter.swift in Sources */ = {isa = PBXBuildFile; fileRef = 42B9F0EA2BEA354D00D719E3 /* TextFormatter.swift */; };
		42F38FA32BE973AF003644F2 /* CurrencyTextFieldView.swift in Sources */ = {isa = PBXBuildFile; fileRef = 42F38FA22BE973AF003644F2 /* CurrencyTextFieldView.swift */; };
		42F75D1A2BAC4EBE00126417 /* BackgroundGradientView.swift in Sources */ = {isa = PBXBuildFile; fileRef = 42F75D192BAC4EBE00126417 /* BackgroundGradientView.swift */; };
		42FD6DBE2BA606E100B9DC70 /* TransparentBlurView.swift in Sources */ = {isa = PBXBuildFile; fileRef = 42FD6DBD2BA606E100B9DC70 /* TransparentBlurView.swift */; };
/* End PBXBuildFile section */

/* Begin PBXContainerItemProxy section */
		424275172BA4FF73001873A3 /* PBXContainerItemProxy */ = {
			isa = PBXContainerItemProxy;
			containerPortal = 424274FE2BA4FF71001873A3 /* Project object */;
			proxyType = 1;
			remoteGlobalIDString = 424275052BA4FF72001873A3;
			remoteInfo = MoneyTracker;
		};
		424275212BA4FF73001873A3 /* PBXContainerItemProxy */ = {
			isa = PBXContainerItemProxy;
			containerPortal = 424274FE2BA4FF71001873A3 /* Project object */;
			proxyType = 1;
			remoteGlobalIDString = 424275052BA4FF72001873A3;
			remoteInfo = MoneyTracker;
		};
/* End PBXContainerItemProxy section */

/* Begin PBXFileReference section */
		423DF4202BD5A1BF00CBB6D5 /* BackgroundGradView.swift */ = {isa = PBXFileReference; lastKnownFileType = sourcecode.swift; path = BackgroundGradView.swift; sourceTree = "<group>"; };
		423DF4222BD6369000CBB6D5 /* Constants.swift */ = {isa = PBXFileReference; lastKnownFileType = sourcecode.swift; path = Constants.swift; sourceTree = "<group>"; };
		423DF4262BD6DA2C00CBB6D5 /* DropDownMenuView.swift */ = {isa = PBXFileReference; lastKnownFileType = sourcecode.swift; path = DropDownMenuView.swift; sourceTree = "<group>"; };
		4241F4632BAC9B1B0048A29B /* BackgroundArt.swift */ = {isa = PBXFileReference; lastKnownFileType = sourcecode.swift; path = BackgroundArt.swift; sourceTree = "<group>"; };
		4241F4652BACDC4E0048A29B /* CustomDatePicker.swift */ = {isa = PBXFileReference; lastKnownFileType = sourcecode.swift; path = CustomDatePicker.swift; sourceTree = "<group>"; };
		4241F4672BB1627A0048A29B /* TotalLogExplorer.swift */ = {isa = PBXFileReference; lastKnownFileType = sourcecode.swift; path = TotalLogExplorer.swift; sourceTree = "<group>"; };
		4241F46B2BB1C6210048A29B /* BankCardModel.swift */ = {isa = PBXFileReference; lastKnownFileType = sourcecode.swift; path = BankCardModel.swift; sourceTree = "<group>"; };
		4241F46D2BB1CBBF0048A29B /* BankAccountsViewModel.swift */ = {isa = PBXFileReference; lastKnownFileType = sourcecode.swift; path = BankAccountsViewModel.swift; sourceTree = "<group>"; };
		4241F4702BB1E62E0048A29B /* Country.swift */ = {isa = PBXFileReference; lastKnownFileType = sourcecode.swift; path = Country.swift; sourceTree = "<group>"; };
		4241F4722BB22B030048A29B /* PagingIndicator.swift */ = {isa = PBXFileReference; lastKnownFileType = sourcecode.swift; path = PagingIndicator.swift; sourceTree = "<group>"; };
		4241F4762BB3703E0048A29B /* TestView2.swift */ = {isa = PBXFileReference; lastKnownFileType = sourcecode.swift; path = TestView2.swift; sourceTree = "<group>"; };
		4241F4782BB370540048A29B /* TestView.swift */ = {isa = PBXFileReference; lastKnownFileType = sourcecode.swift; path = TestView.swift; sourceTree = "<group>"; };
		4241F47A2BB574FE0048A29B /* HorizontalAlignment+UnderlineLeading.swift */ = {isa = PBXFileReference; lastKnownFileType = sourcecode.swift; path = "HorizontalAlignment+UnderlineLeading.swift"; sourceTree = "<group>"; };
		424275062BA4FF72001873A3 /* MoneyTracker.app */ = {isa = PBXFileReference; explicitFileType = wrapper.application; includeInIndex = 0; path = MoneyTracker.app; sourceTree = BUILT_PRODUCTS_DIR; };
		424275092BA4FF72001873A3 /* MoneyTrackerApp.swift */ = {isa = PBXFileReference; lastKnownFileType = sourcecode.swift; path = MoneyTrackerApp.swift; sourceTree = "<group>"; };
		4242750B2BA4FF72001873A3 /* ContentView.swift */ = {isa = PBXFileReference; lastKnownFileType = sourcecode.swift; path = ContentView.swift; sourceTree = "<group>"; };
		4242750D2BA4FF73001873A3 /* Assets.xcassets */ = {isa = PBXFileReference; lastKnownFileType = folder.assetcatalog; path = Assets.xcassets; sourceTree = "<group>"; };
		424275102BA4FF73001873A3 /* Preview Assets.xcassets */ = {isa = PBXFileReference; lastKnownFileType = folder.assetcatalog; path = "Preview Assets.xcassets"; sourceTree = "<group>"; };
		424275162BA4FF73001873A3 /* MoneyTrackerTests.xctest */ = {isa = PBXFileReference; explicitFileType = wrapper.cfbundle; includeInIndex = 0; path = MoneyTrackerTests.xctest; sourceTree = BUILT_PRODUCTS_DIR; };
		4242751A2BA4FF73001873A3 /* MoneyTrackerTests.swift */ = {isa = PBXFileReference; lastKnownFileType = sourcecode.swift; path = MoneyTrackerTests.swift; sourceTree = "<group>"; };
		424275202BA4FF73001873A3 /* MoneyTrackerUITests.xctest */ = {isa = PBXFileReference; explicitFileType = wrapper.cfbundle; includeInIndex = 0; path = MoneyTrackerUITests.xctest; sourceTree = BUILT_PRODUCTS_DIR; };
		424275242BA4FF73001873A3 /* MoneyTrackerUITests.swift */ = {isa = PBXFileReference; lastKnownFileType = sourcecode.swift; path = MoneyTrackerUITests.swift; sourceTree = "<group>"; };
		424275262BA4FF73001873A3 /* MoneyTrackerUITestsLaunchTests.swift */ = {isa = PBXFileReference; lastKnownFileType = sourcecode.swift; path = MoneyTrackerUITestsLaunchTests.swift; sourceTree = "<group>"; };
		424275382BA50522001873A3 /* LoginView.swift */ = {isa = PBXFileReference; lastKnownFileType = sourcecode.swift; path = LoginView.swift; sourceTree = "<group>"; };
		4251FA462BA63F6D0087ABE7 /* RegistrationView.swift */ = {isa = PBXFileReference; lastKnownFileType = sourcecode.swift; path = RegistrationView.swift; sourceTree = "<group>"; };
		4251FA492BAB22C00087ABE7 /* BankAccountsView.swift */ = {isa = PBXFileReference; lastKnownFileType = sourcecode.swift; path = BankAccountsView.swift; sourceTree = "<group>"; };
		4251FA4C2BAB2B5E0087ABE7 /* BankCardView.swift */ = {isa = PBXFileReference; lastKnownFileType = sourcecode.swift; path = BankCardView.swift; sourceTree = "<group>"; };
		4251FA4F2BAB94C90087ABE7 /* Views+NavBarTitleColor.swift */ = {isa = PBXFileReference; lastKnownFileType = sourcecode.swift; path = "Views+NavBarTitleColor.swift"; sourceTree = "<group>"; };
		42714FC42BBB1C890085FA7C /* ChartHalfDonut.swift */ = {isa = PBXFileReference; lastKnownFileType = sourcecode.swift; path = ChartHalfDonut.swift; sourceTree = "<group>"; };
		42714FD12BBEF6440085FA7C /* MakeNewMoneyFlowRecordView.swift */ = {isa = PBXFileReference; lastKnownFileType = sourcecode.swift; path = MakeNewMoneyFlowRecordView.swift; sourceTree = "<group>"; };
		42714FD32BBEF6A40085FA7C /* AddExpensesView.swift */ = {isa = PBXFileReference; lastKnownFileType = sourcecode.swift; path = AddExpensesView.swift; sourceTree = "<group>"; };
		42714FD72BC11D4F0085FA7C /* RegularIncome.swift */ = {isa = PBXFileReference; lastKnownFileType = sourcecode.swift; path = RegularIncome.swift; sourceTree = "<group>"; };
		42714FDB2BC1200C0085FA7C /* TemporaryIncome.swift */ = {isa = PBXFileReference; lastKnownFileType = sourcecode.swift; path = TemporaryIncome.swift; sourceTree = "<group>"; };
		42714FE52BC16BC10085FA7C /* IncomeModel.swift */ = {isa = PBXFileReference; lastKnownFileType = sourcecode.swift; path = IncomeModel.swift; sourceTree = "<group>"; };
		428D0FFE2BD9415600EAEC3E /* Icons.swift */ = {isa = PBXFileReference; lastKnownFileType = sourcecode.swift; path = Icons.swift; sourceTree = "<group>"; };
		42A11C242BB6F670003B617D /* LogDateRange.swift */ = {isa = PBXFileReference; lastKnownFileType = sourcecode.swift; path = LogDateRange.swift; sourceTree = "<group>"; };
		42A11C262BB6FB93003B617D /* DailyLogView.swift */ = {isa = PBXFileReference; lastKnownFileType = sourcecode.swift; path = DailyLogView.swift; sourceTree = "<group>"; };
		42A11C292BB7173B003B617D /* MoneyModel.swift */ = {isa = PBXFileReference; lastKnownFileType = sourcecode.swift; path = MoneyModel.swift; sourceTree = "<group>"; };
		42A11C2B2BB7389C003B617D /* LogItemView.swift */ = {isa = PBXFileReference; lastKnownFileType = sourcecode.swift; path = LogItemView.swift; sourceTree = "<group>"; };
		42A11C2E2BB935E5003B617D /* HomeView.swift */ = {isa = PBXFileReference; lastKnownFileType = sourcecode.swift; path = HomeView.swift; sourceTree = "<group>"; };
		42B9F0E12BEA338400D719E3 /* IncomeTypes.swift */ = {isa = PBXFileReference; fileEncoding = 4; lastKnownFileType = sourcecode.swift; path = IncomeTypes.swift; sourceTree = "<group>"; };
		42B9F0E32BEA33F800D719E3 /* SlidingUnderline.swift */ = {isa = PBXFileReference; fileEncoding = 4; lastKnownFileType = sourcecode.swift; name = SlidingUnderline.swift; path = MoneyTracker/View/CustomViews/SlidingButtonUnderline/SlidingUnderline.swift; sourceTree = SOURCE_ROOT; };
		42B9F0E42BEA33F800D719E3 /* WidthPreferenceKey.swift */ = {isa = PBXFileReference; fileEncoding = 4; lastKnownFileType = sourcecode.swift; name = WidthPreferenceKey.swift; path = MoneyTracker/View/CustomViews/SlidingButtonUnderline/WidthPreferenceKey.swift; sourceTree = SOURCE_ROOT; };
		42B9F0E52BEA33F800D719E3 /* CustomUnderlineView.swift */ = {isa = PBXFileReference; fileEncoding = 4; lastKnownFileType = sourcecode.swift; name = CustomUnderlineView.swift; path = MoneyTracker/View/CustomViews/SlidingButtonUnderline/CustomUnderlineView.swift; sourceTree = SOURCE_ROOT; };
		42B9F0EA2BEA354D00D719E3 /* TextFormatter.swift */ = {isa = PBXFileReference; lastKnownFileType = sourcecode.swift; path = TextFormatter.swift; sourceTree = "<group>"; };
		42F38FA22BE973AF003644F2 /* CurrencyTextFieldView.swift */ = {isa = PBXFileReference; lastKnownFileType = sourcecode.swift; path = CurrencyTextFieldView.swift; sourceTree = "<group>"; };
		42F75D192BAC4EBE00126417 /* BackgroundGradientView.swift */ = {isa = PBXFileReference; lastKnownFileType = sourcecode.swift; path = BackgroundGradientView.swift; sourceTree = "<group>"; };
		42FD6DBD2BA606E100B9DC70 /* TransparentBlurView.swift */ = {isa = PBXFileReference; lastKnownFileType = sourcecode.swift; path = TransparentBlurView.swift; sourceTree = "<group>"; };
/* End PBXFileReference section */

/* Begin PBXFrameworksBuildPhase section */
		424275032BA4FF72001873A3 /* Frameworks */ = {
			isa = PBXFrameworksBuildPhase;
			buildActionMask = 2147483647;
			files = (
			);
			runOnlyForDeploymentPostprocessing = 0;
		};
		424275132BA4FF73001873A3 /* Frameworks */ = {
			isa = PBXFrameworksBuildPhase;
			buildActionMask = 2147483647;
			files = (
			);
			runOnlyForDeploymentPostprocessing = 0;
		};
		4242751D2BA4FF73001873A3 /* Frameworks */ = {
			isa = PBXFrameworksBuildPhase;
			buildActionMask = 2147483647;
			files = (
			);
			runOnlyForDeploymentPostprocessing = 0;
		};
/* End PBXFrameworksBuildPhase section */

/* Begin PBXGroup section */
		423DF4242BD6D9E800CBB6D5 /* Chart */ = {
			isa = PBXGroup;
			children = (
				42714FC42BBB1C890085FA7C /* ChartHalfDonut.swift */,
			);
			path = Chart;
			sourceTree = "<group>";
		};
		423DF4252BD6D9F400CBB6D5 /* DropDownMenu */ = {
			isa = PBXGroup;
			children = (
				423DF4262BD6DA2C00CBB6D5 /* DropDownMenuView.swift */,
			);
			path = DropDownMenu;
			sourceTree = "<group>";
		};
		4241F4622BAC6A320048A29B /* Backgrounds */ = {
			isa = PBXGroup;
			children = (
				42F75D192BAC4EBE00126417 /* BackgroundGradientView.swift */,
				4241F4632BAC9B1B0048A29B /* BackgroundArt.swift */,
				423DF4202BD5A1BF00CBB6D5 /* BackgroundGradView.swift */,
			);
			path = Backgrounds;
			sourceTree = "<group>";
		};
		4241F46F2BB1E61A0048A29B /* Constants */ = {
			isa = PBXGroup;
			children = (
				4241F4702BB1E62E0048A29B /* Country.swift */,
				423DF4222BD6369000CBB6D5 /* Constants.swift */,
				428D0FFE2BD9415600EAEC3E /* Icons.swift */,
			);
			path = Constants;
			sourceTree = "<group>";
		};
		4241F47C2BB577700048A29B /* SlidingButtonUnderline */ = {
			isa = PBXGroup;
			children = (
				42B9F0E52BEA33F800D719E3 /* CustomUnderlineView.swift */,
				42B9F0E32BEA33F800D719E3 /* SlidingUnderline.swift */,
				42B9F0E42BEA33F800D719E3 /* WidthPreferenceKey.swift */,
			);
			name = SlidingButtonUnderline;
			path = ../../Utility/SlidingButtonUnderline;
			sourceTree = "<group>";
		};
		424274FD2BA4FF71001873A3 = {
			isa = PBXGroup;
			children = (
				424275082BA4FF72001873A3 /* MoneyTracker */,
				424275192BA4FF73001873A3 /* MoneyTrackerTests */,
				424275232BA4FF73001873A3 /* MoneyTrackerUITests */,
				424275072BA4FF72001873A3 /* Products */,
			);
			sourceTree = "<group>";
		};
		424275072BA4FF72001873A3 /* Products */ = {
			isa = PBXGroup;
			children = (
				424275062BA4FF72001873A3 /* MoneyTracker.app */,
				424275162BA4FF73001873A3 /* MoneyTrackerTests.xctest */,
				424275202BA4FF73001873A3 /* MoneyTrackerUITests.xctest */,
			);
			name = Products;
			sourceTree = "<group>";
		};
		424275082BA4FF72001873A3 /* MoneyTracker */ = {
			isa = PBXGroup;
			children = (
				424275092BA4FF72001873A3 /* MoneyTrackerApp.swift */,
				424275332BA503B7001873A3 /* Main */,
				424275342BA503BF001873A3 /* Model */,
				424275352BA503D1001873A3 /* View */,
				424275362BA503D8001873A3 /* ViewModel */,
				4251FA4E2BAB94960087ABE7 /* Extensions */,
				42B9F0E92BEA351100D719E3 /* Helpers */,
				4241F46F2BB1E61A0048A29B /* Constants */,
				4242750D2BA4FF73001873A3 /* Assets.xcassets */,
				4242750F2BA4FF73001873A3 /* Preview Content */,
			);
			path = MoneyTracker;
			sourceTree = "<group>";
		};
		4242750F2BA4FF73001873A3 /* Preview Content */ = {
			isa = PBXGroup;
			children = (
				424275102BA4FF73001873A3 /* Preview Assets.xcassets */,
			);
			path = "Preview Content";
			sourceTree = "<group>";
		};
		424275192BA4FF73001873A3 /* MoneyTrackerTests */ = {
			isa = PBXGroup;
			children = (
				4242751A2BA4FF73001873A3 /* MoneyTrackerTests.swift */,
			);
			path = MoneyTrackerTests;
			sourceTree = "<group>";
		};
		424275232BA4FF73001873A3 /* MoneyTrackerUITests */ = {
			isa = PBXGroup;
			children = (
				424275242BA4FF73001873A3 /* MoneyTrackerUITests.swift */,
				424275262BA4FF73001873A3 /* MoneyTrackerUITestsLaunchTests.swift */,
			);
			path = MoneyTrackerUITests;
			sourceTree = "<group>";
		};
		424275332BA503B7001873A3 /* Main */ = {
			isa = PBXGroup;
			children = (
				4242750B2BA4FF72001873A3 /* ContentView.swift */,
				4241F4762BB3703E0048A29B /* TestView2.swift */,
				4241F4782BB370540048A29B /* TestView.swift */,
			);
			path = Main;
			sourceTree = "<group>";
		};
		424275342BA503BF001873A3 /* Model */ = {
			isa = PBXGroup;
			children = (
				42B9F0E12BEA338400D719E3 /* IncomeTypes.swift */,
				4241F46B2BB1C6210048A29B /* BankCardModel.swift */,
				42A11C242BB6F670003B617D /* LogDateRange.swift */,
				42A11C292BB7173B003B617D /* MoneyModel.swift */,
				42714FDD2BC123AB0085FA7C /* Income */,
			);
			path = Model;
			sourceTree = "<group>";
		};
		424275352BA503D1001873A3 /* View */ = {
			isa = PBXGroup;
			children = (
				42A11C2D2BB935D4003B617D /* Home */,
				42A11C282BB6FB9F003B617D /* TrackingLogs */,
				4251FA482BAB22AD0087ABE7 /* BankAcoountsView */,
				4251FA452BA63F590087ABE7 /* Registration */,
				4251FA4B2BAB2B440087ABE7 /* CommonViews */,
				42FD6DB82BA5094B00B9DC70 /* CustomViews */,
				424275372BA5050B001873A3 /* Login */,
			);
			path = View;
			sourceTree = "<group>";
		};
		424275362BA503D8001873A3 /* ViewModel */ = {
			isa = PBXGroup;
			children = (
				4241F46D2BB1CBBF0048A29B /* BankAccountsViewModel.swift */,
			);
			path = ViewModel;
			sourceTree = "<group>";
		};
		424275372BA5050B001873A3 /* Login */ = {
			isa = PBXGroup;
			children = (
				424275382BA50522001873A3 /* LoginView.swift */,
			);
			path = Login;
			sourceTree = "<group>";
		};
		4251FA452BA63F590087ABE7 /* Registration */ = {
			isa = PBXGroup;
			children = (
				4251FA462BA63F6D0087ABE7 /* RegistrationView.swift */,
			);
			path = Registration;
			sourceTree = "<group>";
		};
		4251FA482BAB22AD0087ABE7 /* BankAcoountsView */ = {
			isa = PBXGroup;
			children = (
				4251FA492BAB22C00087ABE7 /* BankAccountsView.swift */,
			);
			path = BankAcoountsView;
			sourceTree = "<group>";
		};
		4251FA4B2BAB2B440087ABE7 /* CommonViews */ = {
			isa = PBXGroup;
			children = (
				4251FA4C2BAB2B5E0087ABE7 /* BankCardView.swift */,
				4241F4622BAC6A320048A29B /* Backgrounds */,
				42A11C2B2BB7389C003B617D /* LogItemView.swift */,
			);
			path = CommonViews;
			sourceTree = "<group>";
		};
		4251FA4E2BAB94960087ABE7 /* Extensions */ = {
			isa = PBXGroup;
			children = (
				4251FA4F2BAB94C90087ABE7 /* Views+NavBarTitleColor.swift */,
				4241F47A2BB574FE0048A29B /* HorizontalAlignment+UnderlineLeading.swift */,
			);
			path = Extensions;
			sourceTree = "<group>";
		};
		42714FCF2BBEF6050085FA7C /* AddExpenses */ = {
			isa = PBXGroup;
			children = (
				42714FD32BBEF6A40085FA7C /* AddExpensesView.swift */,
			);
			path = AddExpenses;
			sourceTree = "<group>";
		};
		42714FD02BBEF6160085FA7C /* MakeNewRecord */ = {
			isa = PBXGroup;
			children = (
				42714FD12BBEF6440085FA7C /* MakeNewMoneyFlowRecordView.swift */,
			);
			path = MakeNewRecord;
			sourceTree = "<group>";
		};
		42714FDD2BC123AB0085FA7C /* Income */ = {
			isa = PBXGroup;
			children = (
				42714FE52BC16BC10085FA7C /* IncomeModel.swift */,
				42714FD72BC11D4F0085FA7C /* RegularIncome.swift */,
				42714FDB2BC1200C0085FA7C /* TemporaryIncome.swift */,
			);
			path = Income;
			sourceTree = "<group>";
		};
		42A11C282BB6FB9F003B617D /* TrackingLogs */ = {
			isa = PBXGroup;
			children = (
				42A11C262BB6FB93003B617D /* DailyLogView.swift */,
			);
			path = TrackingLogs;
			sourceTree = "<group>";
		};
		42A11C2D2BB935D4003B617D /* Home */ = {
			isa = PBXGroup;
			children = (
				42A11C2E2BB935E5003B617D /* HomeView.swift */,
				42714FD02BBEF6160085FA7C /* MakeNewRecord */,
				42714FCF2BBEF6050085FA7C /* AddExpenses */,
			);
			path = Home;
			sourceTree = "<group>";
		};
		42B9F0DB2BE9EDE100D719E3 /* CurrencyTextField */ = {
			isa = PBXGroup;
			children = (
				42F38FA22BE973AF003644F2 /* CurrencyTextFieldView.swift */,
			);
			path = CurrencyTextField;
			sourceTree = "<group>";
		};
		42B9F0E92BEA351100D719E3 /* Helpers */ = {
			isa = PBXGroup;
			children = (
				42B9F0EA2BEA354D00D719E3 /* TextFormatter.swift */,
			);
			path = Helpers;
			sourceTree = "<group>";
		};
		42FD6DB82BA5094B00B9DC70 /* CustomViews */ = {
			isa = PBXGroup;
			children = (
				42B9F0DB2BE9EDE100D719E3 /* CurrencyTextField */,
				423DF4252BD6D9F400CBB6D5 /* DropDownMenu */,
				4241F47C2BB577700048A29B /* SlidingButtonUnderline */,
				42FD6DBD2BA606E100B9DC70 /* TransparentBlurView.swift */,
				4241F4652BACDC4E0048A29B /* CustomDatePicker.swift */,
				4241F4672BB1627A0048A29B /* TotalLogExplorer.swift */,
				4241F4722BB22B030048A29B /* PagingIndicator.swift */,
				423DF4242BD6D9E800CBB6D5 /* Chart */,
			);
			path = CustomViews;
			sourceTree = "<group>";
		};
/* End PBXGroup section */

/* Begin PBXNativeTarget section */
		424275052BA4FF72001873A3 /* MoneyTracker */ = {
			isa = PBXNativeTarget;
			buildConfigurationList = 4242752A2BA4FF73001873A3 /* Build configuration list for PBXNativeTarget "MoneyTracker" */;
			buildPhases = (
				424275022BA4FF72001873A3 /* Sources */,
				424275032BA4FF72001873A3 /* Frameworks */,
				424275042BA4FF72001873A3 /* Resources */,
			);
			buildRules = (
			);
			dependencies = (
			);
			name = MoneyTracker;
			productName = MoneyTracker;
			productReference = 424275062BA4FF72001873A3 /* MoneyTracker.app */;
			productType = "com.apple.product-type.application";
		};
		424275152BA4FF73001873A3 /* MoneyTrackerTests */ = {
			isa = PBXNativeTarget;
			buildConfigurationList = 4242752D2BA4FF73001873A3 /* Build configuration list for PBXNativeTarget "MoneyTrackerTests" */;
			buildPhases = (
				424275122BA4FF73001873A3 /* Sources */,
				424275132BA4FF73001873A3 /* Frameworks */,
				424275142BA4FF73001873A3 /* Resources */,
			);
			buildRules = (
			);
			dependencies = (
				424275182BA4FF73001873A3 /* PBXTargetDependency */,
			);
			name = MoneyTrackerTests;
			productName = MoneyTrackerTests;
			productReference = 424275162BA4FF73001873A3 /* MoneyTrackerTests.xctest */;
			productType = "com.apple.product-type.bundle.unit-test";
		};
		4242751F2BA4FF73001873A3 /* MoneyTrackerUITests */ = {
			isa = PBXNativeTarget;
			buildConfigurationList = 424275302BA4FF73001873A3 /* Build configuration list for PBXNativeTarget "MoneyTrackerUITests" */;
			buildPhases = (
				4242751C2BA4FF73001873A3 /* Sources */,
				4242751D2BA4FF73001873A3 /* Frameworks */,
				4242751E2BA4FF73001873A3 /* Resources */,
			);
			buildRules = (
			);
			dependencies = (
				424275222BA4FF73001873A3 /* PBXTargetDependency */,
			);
			name = MoneyTrackerUITests;
			productName = MoneyTrackerUITests;
			productReference = 424275202BA4FF73001873A3 /* MoneyTrackerUITests.xctest */;
			productType = "com.apple.product-type.bundle.ui-testing";
		};
/* End PBXNativeTarget section */

/* Begin PBXProject section */
		424274FE2BA4FF71001873A3 /* Project object */ = {
			isa = PBXProject;
			attributes = {
				BuildIndependentTargetsInParallel = 1;
				LastSwiftUpdateCheck = 1500;
				LastUpgradeCheck = 1500;
				TargetAttributes = {
					424275052BA4FF72001873A3 = {
						CreatedOnToolsVersion = 15.0.1;
					};
					424275152BA4FF73001873A3 = {
						CreatedOnToolsVersion = 15.0.1;
						TestTargetID = 424275052BA4FF72001873A3;
					};
					4242751F2BA4FF73001873A3 = {
						CreatedOnToolsVersion = 15.0.1;
						TestTargetID = 424275052BA4FF72001873A3;
					};
				};
			};
			buildConfigurationList = 424275012BA4FF71001873A3 /* Build configuration list for PBXProject "MoneyTracker" */;
			compatibilityVersion = "Xcode 14.0";
			developmentRegion = en;
			hasScannedForEncodings = 0;
			knownRegions = (
				en,
				Base,
			);
			mainGroup = 424274FD2BA4FF71001873A3;
			productRefGroup = 424275072BA4FF72001873A3 /* Products */;
			projectDirPath = "";
			projectRoot = "";
			targets = (
				424275052BA4FF72001873A3 /* MoneyTracker */,
				424275152BA4FF73001873A3 /* MoneyTrackerTests */,
				4242751F2BA4FF73001873A3 /* MoneyTrackerUITests */,
			);
		};
/* End PBXProject section */

/* Begin PBXResourcesBuildPhase section */
		424275042BA4FF72001873A3 /* Resources */ = {
			isa = PBXResourcesBuildPhase;
			buildActionMask = 2147483647;
			files = (
				424275112BA4FF73001873A3 /* Preview Assets.xcassets in Resources */,
				4242750E2BA4FF73001873A3 /* Assets.xcassets in Resources */,
			);
			runOnlyForDeploymentPostprocessing = 0;
		};
		424275142BA4FF73001873A3 /* Resources */ = {
			isa = PBXResourcesBuildPhase;
			buildActionMask = 2147483647;
			files = (
			);
			runOnlyForDeploymentPostprocessing = 0;
		};
		4242751E2BA4FF73001873A3 /* Resources */ = {
			isa = PBXResourcesBuildPhase;
			buildActionMask = 2147483647;
			files = (
			);
			runOnlyForDeploymentPostprocessing = 0;
		};
/* End PBXResourcesBuildPhase section */

/* Begin PBXSourcesBuildPhase section */
		424275022BA4FF72001873A3 /* Sources */ = {
			isa = PBXSourcesBuildPhase;
			buildActionMask = 2147483647;
			files = (
				42A11C2F2BB935E5003B617D /* HomeView.swift in Sources */,
				4251FA4D2BAB2B5E0087ABE7 /* BankCardView.swift in Sources */,
				423DF4212BD5A1BF00CBB6D5 /* BackgroundGradView.swift in Sources */,
				4241F47B2BB574FE0048A29B /* HorizontalAlignment+UnderlineLeading.swift in Sources */,
				42714FC52BBB1C890085FA7C /* ChartHalfDonut.swift in Sources */,
				424275392BA50522001873A3 /* LoginView.swift in Sources */,
				4241F4662BACDC4E0048A29B /* CustomDatePicker.swift in Sources */,
				4241F4732BB22B030048A29B /* PagingIndicator.swift in Sources */,
				4241F46C2BB1C6210048A29B /* BankCardModel.swift in Sources */,
				42B9F0E72BEA33F800D719E3 /* WidthPreferenceKey.swift in Sources */,
				4242750C2BA4FF72001873A3 /* ContentView.swift in Sources */,
				42714FD22BBEF6440085FA7C /* MakeNewMoneyFlowRecordView.swift in Sources */,
				423DF4232BD6369000CBB6D5 /* Constants.swift in Sources */,
				42714FDC2BC1200C0085FA7C /* TemporaryIncome.swift in Sources */,
				4251FA502BAB94C90087ABE7 /* Views+NavBarTitleColor.swift in Sources */,
				42B9F0EB2BEA354D00D719E3 /* TextFormatter.swift in Sources */,
				42714FD82BC11D4F0085FA7C /* RegularIncome.swift in Sources */,
				4241F4712BB1E62E0048A29B /* Country.swift in Sources */,
				4241F4682BB1627A0048A29B /* TotalLogExplorer.swift in Sources */,
				42A11C2C2BB7389C003B617D /* LogItemView.swift in Sources */,
				4242750A2BA4FF72001873A3 /* MoneyTrackerApp.swift in Sources */,
				4251FA4A2BAB22C00087ABE7 /* BankAccountsView.swift in Sources */,
				42B9F0E82BEA33F800D719E3 /* CustomUnderlineView.swift in Sources */,
				42714FE62BC16BC10085FA7C /* IncomeModel.swift in Sources */,
				4241F46E2BB1CBBF0048A29B /* BankAccountsViewModel.swift in Sources */,
				428D0FFF2BD9415600EAEC3E /* Icons.swift in Sources */,
				42A11C2A2BB7173B003B617D /* MoneyModel.swift in Sources */,
				42F75D1A2BAC4EBE00126417 /* BackgroundGradientView.swift in Sources */,
				42FD6DBE2BA606E100B9DC70 /* TransparentBlurView.swift in Sources */,
				423DF4272BD6DA2C00CBB6D5 /* DropDownMenuView.swift in Sources */,
				4251FA472BA63F6D0087ABE7 /* RegistrationView.swift in Sources */,
				4241F4642BAC9B1B0048A29B /* BackgroundArt.swift in Sources */,
				42A11C252BB6F670003B617D /* LogDateRange.swift in Sources */,
				42A11C272BB6FB93003B617D /* DailyLogView.swift in Sources */,
				4241F4772BB3703E0048A29B /* TestView2.swift in Sources */,
				42B9F0E22BEA338400D719E3 /* IncomeTypes.swift in Sources */,
				42F38FA32BE973AF003644F2 /* CurrencyTextFieldView.swift in Sources */,
				42714FD42BBEF6A40085FA7C /* AddExpensesView.swift in Sources */,
				4241F4792BB370540048A29B /* TestView.swift in Sources */,
				42B9F0E62BEA33F800D719E3 /* SlidingUnderline.swift in Sources */,
			);
			runOnlyForDeploymentPostprocessing = 0;
		};
		424275122BA4FF73001873A3 /* Sources */ = {
			isa = PBXSourcesBuildPhase;
			buildActionMask = 2147483647;
			files = (
				4242751B2BA4FF73001873A3 /* MoneyTrackerTests.swift in Sources */,
			);
			runOnlyForDeploymentPostprocessing = 0;
		};
		4242751C2BA4FF73001873A3 /* Sources */ = {
			isa = PBXSourcesBuildPhase;
			buildActionMask = 2147483647;
			files = (
				424275272BA4FF73001873A3 /* MoneyTrackerUITestsLaunchTests.swift in Sources */,
				424275252BA4FF73001873A3 /* MoneyTrackerUITests.swift in Sources */,
			);
			runOnlyForDeploymentPostprocessing = 0;
		};
/* End PBXSourcesBuildPhase section */

/* Begin PBXTargetDependency section */
		424275182BA4FF73001873A3 /* PBXTargetDependency */ = {
			isa = PBXTargetDependency;
			target = 424275052BA4FF72001873A3 /* MoneyTracker */;
			targetProxy = 424275172BA4FF73001873A3 /* PBXContainerItemProxy */;
		};
		424275222BA4FF73001873A3 /* PBXTargetDependency */ = {
			isa = PBXTargetDependency;
			target = 424275052BA4FF72001873A3 /* MoneyTracker */;
			targetProxy = 424275212BA4FF73001873A3 /* PBXContainerItemProxy */;
		};
/* End PBXTargetDependency section */

/* Begin XCBuildConfiguration section */
		424275282BA4FF73001873A3 /* Debug */ = {
			isa = XCBuildConfiguration;
			buildSettings = {
				ALWAYS_SEARCH_USER_PATHS = NO;
				ASSETCATALOG_COMPILER_GENERATE_SWIFT_ASSET_SYMBOL_EXTENSIONS = YES;
				CLANG_ANALYZER_NONNULL = YES;
				CLANG_ANALYZER_NUMBER_OBJECT_CONVERSION = YES_AGGRESSIVE;
				CLANG_CXX_LANGUAGE_STANDARD = "gnu++20";
				CLANG_ENABLE_MODULES = YES;
				CLANG_ENABLE_OBJC_ARC = YES;
				CLANG_ENABLE_OBJC_WEAK = YES;
				CLANG_WARN_BLOCK_CAPTURE_AUTORELEASING = YES;
				CLANG_WARN_BOOL_CONVERSION = YES;
				CLANG_WARN_COMMA = YES;
				CLANG_WARN_CONSTANT_CONVERSION = YES;
				CLANG_WARN_DEPRECATED_OBJC_IMPLEMENTATIONS = YES;
				CLANG_WARN_DIRECT_OBJC_ISA_USAGE = YES_ERROR;
				CLANG_WARN_DOCUMENTATION_COMMENTS = YES;
				CLANG_WARN_EMPTY_BODY = YES;
				CLANG_WARN_ENUM_CONVERSION = YES;
				CLANG_WARN_INFINITE_RECURSION = YES;
				CLANG_WARN_INT_CONVERSION = YES;
				CLANG_WARN_NON_LITERAL_NULL_CONVERSION = YES;
				CLANG_WARN_OBJC_IMPLICIT_RETAIN_SELF = YES;
				CLANG_WARN_OBJC_LITERAL_CONVERSION = YES;
				CLANG_WARN_OBJC_ROOT_CLASS = YES_ERROR;
				CLANG_WARN_QUOTED_INCLUDE_IN_FRAMEWORK_HEADER = YES;
				CLANG_WARN_RANGE_LOOP_ANALYSIS = YES;
				CLANG_WARN_STRICT_PROTOTYPES = YES;
				CLANG_WARN_SUSPICIOUS_MOVE = YES;
				CLANG_WARN_UNGUARDED_AVAILABILITY = YES_AGGRESSIVE;
				CLANG_WARN_UNREACHABLE_CODE = YES;
				CLANG_WARN__DUPLICATE_METHOD_MATCH = YES;
				COPY_PHASE_STRIP = NO;
				DEBUG_INFORMATION_FORMAT = dwarf;
				ENABLE_STRICT_OBJC_MSGSEND = YES;
				ENABLE_TESTABILITY = YES;
				ENABLE_USER_SCRIPT_SANDBOXING = YES;
				GCC_C_LANGUAGE_STANDARD = gnu17;
				GCC_DYNAMIC_NO_PIC = NO;
				GCC_NO_COMMON_BLOCKS = YES;
				GCC_OPTIMIZATION_LEVEL = 0;
				GCC_PREPROCESSOR_DEFINITIONS = (
					"DEBUG=1",
					"$(inherited)",
				);
				GCC_WARN_64_TO_32_BIT_CONVERSION = YES;
				GCC_WARN_ABOUT_RETURN_TYPE = YES_ERROR;
				GCC_WARN_UNDECLARED_SELECTOR = YES;
				GCC_WARN_UNINITIALIZED_AUTOS = YES_AGGRESSIVE;
				GCC_WARN_UNUSED_FUNCTION = YES;
				GCC_WARN_UNUSED_VARIABLE = YES;
				IPHONEOS_DEPLOYMENT_TARGET = 17.0;
				LOCALIZATION_PREFERS_STRING_CATALOGS = YES;
				MTL_ENABLE_DEBUG_INFO = INCLUDE_SOURCE;
				MTL_FAST_MATH = YES;
				ONLY_ACTIVE_ARCH = YES;
				SDKROOT = iphoneos;
				SWIFT_ACTIVE_COMPILATION_CONDITIONS = "DEBUG $(inherited)";
				SWIFT_OPTIMIZATION_LEVEL = "-Onone";
			};
			name = Debug;
		};
		424275292BA4FF73001873A3 /* Release */ = {
			isa = XCBuildConfiguration;
			buildSettings = {
				ALWAYS_SEARCH_USER_PATHS = NO;
				ASSETCATALOG_COMPILER_GENERATE_SWIFT_ASSET_SYMBOL_EXTENSIONS = YES;
				CLANG_ANALYZER_NONNULL = YES;
				CLANG_ANALYZER_NUMBER_OBJECT_CONVERSION = YES_AGGRESSIVE;
				CLANG_CXX_LANGUAGE_STANDARD = "gnu++20";
				CLANG_ENABLE_MODULES = YES;
				CLANG_ENABLE_OBJC_ARC = YES;
				CLANG_ENABLE_OBJC_WEAK = YES;
				CLANG_WARN_BLOCK_CAPTURE_AUTORELEASING = YES;
				CLANG_WARN_BOOL_CONVERSION = YES;
				CLANG_WARN_COMMA = YES;
				CLANG_WARN_CONSTANT_CONVERSION = YES;
				CLANG_WARN_DEPRECATED_OBJC_IMPLEMENTATIONS = YES;
				CLANG_WARN_DIRECT_OBJC_ISA_USAGE = YES_ERROR;
				CLANG_WARN_DOCUMENTATION_COMMENTS = YES;
				CLANG_WARN_EMPTY_BODY = YES;
				CLANG_WARN_ENUM_CONVERSION = YES;
				CLANG_WARN_INFINITE_RECURSION = YES;
				CLANG_WARN_INT_CONVERSION = YES;
				CLANG_WARN_NON_LITERAL_NULL_CONVERSION = YES;
				CLANG_WARN_OBJC_IMPLICIT_RETAIN_SELF = YES;
				CLANG_WARN_OBJC_LITERAL_CONVERSION = YES;
				CLANG_WARN_OBJC_ROOT_CLASS = YES_ERROR;
				CLANG_WARN_QUOTED_INCLUDE_IN_FRAMEWORK_HEADER = YES;
				CLANG_WARN_RANGE_LOOP_ANALYSIS = YES;
				CLANG_WARN_STRICT_PROTOTYPES = YES;
				CLANG_WARN_SUSPICIOUS_MOVE = YES;
				CLANG_WARN_UNGUARDED_AVAILABILITY = YES_AGGRESSIVE;
				CLANG_WARN_UNREACHABLE_CODE = YES;
				CLANG_WARN__DUPLICATE_METHOD_MATCH = YES;
				COPY_PHASE_STRIP = NO;
				DEBUG_INFORMATION_FORMAT = "dwarf-with-dsym";
				ENABLE_NS_ASSERTIONS = NO;
				ENABLE_STRICT_OBJC_MSGSEND = YES;
				ENABLE_USER_SCRIPT_SANDBOXING = YES;
				GCC_C_LANGUAGE_STANDARD = gnu17;
				GCC_NO_COMMON_BLOCKS = YES;
				GCC_WARN_64_TO_32_BIT_CONVERSION = YES;
				GCC_WARN_ABOUT_RETURN_TYPE = YES_ERROR;
				GCC_WARN_UNDECLARED_SELECTOR = YES;
				GCC_WARN_UNINITIALIZED_AUTOS = YES_AGGRESSIVE;
				GCC_WARN_UNUSED_FUNCTION = YES;
				GCC_WARN_UNUSED_VARIABLE = YES;
				IPHONEOS_DEPLOYMENT_TARGET = 17.0;
				LOCALIZATION_PREFERS_STRING_CATALOGS = YES;
				MTL_ENABLE_DEBUG_INFO = NO;
				MTL_FAST_MATH = YES;
				SDKROOT = iphoneos;
				SWIFT_COMPILATION_MODE = wholemodule;
				VALIDATE_PRODUCT = YES;
			};
			name = Release;
		};
		4242752B2BA4FF73001873A3 /* Debug */ = {
			isa = XCBuildConfiguration;
			buildSettings = {
				ASSETCATALOG_COMPILER_APPICON_NAME = AppIcon;
				ASSETCATALOG_COMPILER_GLOBAL_ACCENT_COLOR_NAME = AccentColor;
				CODE_SIGN_STYLE = Automatic;
				CURRENT_PROJECT_VERSION = 1;
				DEVELOPMENT_ASSET_PATHS = "\"MoneyTracker/Preview Content\"";
				DEVELOPMENT_TEAM = 6YJ62Z4KFL;
				ENABLE_PREVIEWS = YES;
				GENERATE_INFOPLIST_FILE = YES;
				INFOPLIST_KEY_UIApplicationSceneManifest_Generation = YES;
				INFOPLIST_KEY_UIApplicationSupportsIndirectInputEvents = YES;
				INFOPLIST_KEY_UILaunchScreen_Generation = YES;
				INFOPLIST_KEY_UIStatusBarStyle = "";
				INFOPLIST_KEY_UISupportedInterfaceOrientations = "UIInterfaceOrientationPortrait UIInterfaceOrientationPortraitUpsideDown";
				IPHONEOS_DEPLOYMENT_TARGET = 17.0;
				LD_RUNPATH_SEARCH_PATHS = (
					"$(inherited)",
					"@executable_path/Frameworks",
				);
				MARKETING_VERSION = 1.0;
				PRODUCT_BUNDLE_IDENTIFIER = com.olhaBereziuk.MoneyTracker;
				PRODUCT_NAME = "$(TARGET_NAME)";
				SWIFT_EMIT_LOC_STRINGS = YES;
				SWIFT_VERSION = 5.0;
				TARGETED_DEVICE_FAMILY = "1,2";
			};
			name = Debug;
		};
		4242752C2BA4FF73001873A3 /* Release */ = {
			isa = XCBuildConfiguration;
			buildSettings = {
				ASSETCATALOG_COMPILER_APPICON_NAME = AppIcon;
				ASSETCATALOG_COMPILER_GLOBAL_ACCENT_COLOR_NAME = AccentColor;
				CODE_SIGN_STYLE = Automatic;
				CURRENT_PROJECT_VERSION = 1;
				DEVELOPMENT_ASSET_PATHS = "\"MoneyTracker/Preview Content\"";
				DEVELOPMENT_TEAM = 6YJ62Z4KFL;
				ENABLE_PREVIEWS = YES;
				GENERATE_INFOPLIST_FILE = YES;
				INFOPLIST_KEY_UIApplicationSceneManifest_Generation = YES;
				INFOPLIST_KEY_UIApplicationSupportsIndirectInputEvents = YES;
				INFOPLIST_KEY_UILaunchScreen_Generation = YES;
				INFOPLIST_KEY_UIStatusBarStyle = "";
				INFOPLIST_KEY_UISupportedInterfaceOrientations = "UIInterfaceOrientationPortrait UIInterfaceOrientationPortraitUpsideDown";
				IPHONEOS_DEPLOYMENT_TARGET = 17.0;
				LD_RUNPATH_SEARCH_PATHS = (
					"$(inherited)",
					"@executable_path/Frameworks",
				);
				MARKETING_VERSION = 1.0;
				PRODUCT_BUNDLE_IDENTIFIER = com.olhaBereziuk.MoneyTracker;
				PRODUCT_NAME = "$(TARGET_NAME)";
				SWIFT_EMIT_LOC_STRINGS = YES;
				SWIFT_VERSION = 5.0;
				TARGETED_DEVICE_FAMILY = "1,2";
			};
			name = Release;
		};
		4242752E2BA4FF73001873A3 /* Debug */ = {
			isa = XCBuildConfiguration;
			buildSettings = {
				ALWAYS_EMBED_SWIFT_STANDARD_LIBRARIES = YES;
				BUNDLE_LOADER = "$(TEST_HOST)";
				CODE_SIGN_STYLE = Automatic;
				CURRENT_PROJECT_VERSION = 1;
				DEVELOPMENT_TEAM = 6YJ62Z4KFL;
				GENERATE_INFOPLIST_FILE = YES;
				IPHONEOS_DEPLOYMENT_TARGET = 17.0;
				MARKETING_VERSION = 1.0;
				PRODUCT_BUNDLE_IDENTIFIER = com.olhaBereziuk.MoneyTrackerTests;
				PRODUCT_NAME = "$(TARGET_NAME)";
				SWIFT_EMIT_LOC_STRINGS = NO;
				SWIFT_VERSION = 5.0;
				TARGETED_DEVICE_FAMILY = "1,2";
				TEST_HOST = "$(BUILT_PRODUCTS_DIR)/MoneyTracker.app/$(BUNDLE_EXECUTABLE_FOLDER_PATH)/MoneyTracker";
			};
			name = Debug;
		};
		4242752F2BA4FF73001873A3 /* Release */ = {
			isa = XCBuildConfiguration;
			buildSettings = {
				ALWAYS_EMBED_SWIFT_STANDARD_LIBRARIES = YES;
				BUNDLE_LOADER = "$(TEST_HOST)";
				CODE_SIGN_STYLE = Automatic;
				CURRENT_PROJECT_VERSION = 1;
				DEVELOPMENT_TEAM = 6YJ62Z4KFL;
				GENERATE_INFOPLIST_FILE = YES;
				IPHONEOS_DEPLOYMENT_TARGET = 17.0;
				MARKETING_VERSION = 1.0;
				PRODUCT_BUNDLE_IDENTIFIER = com.olhaBereziuk.MoneyTrackerTests;
				PRODUCT_NAME = "$(TARGET_NAME)";
				SWIFT_EMIT_LOC_STRINGS = NO;
				SWIFT_VERSION = 5.0;
				TARGETED_DEVICE_FAMILY = "1,2";
				TEST_HOST = "$(BUILT_PRODUCTS_DIR)/MoneyTracker.app/$(BUNDLE_EXECUTABLE_FOLDER_PATH)/MoneyTracker";
			};
			name = Release;
		};
		424275312BA4FF73001873A3 /* Debug */ = {
			isa = XCBuildConfiguration;
			buildSettings = {
				ALWAYS_EMBED_SWIFT_STANDARD_LIBRARIES = YES;
				CODE_SIGN_STYLE = Automatic;
				CURRENT_PROJECT_VERSION = 1;
				DEVELOPMENT_TEAM = 6YJ62Z4KFL;
				GENERATE_INFOPLIST_FILE = YES;
				MARKETING_VERSION = 1.0;
				PRODUCT_BUNDLE_IDENTIFIER = com.olhaBereziuk.MoneyTrackerUITests;
				PRODUCT_NAME = "$(TARGET_NAME)";
				SWIFT_EMIT_LOC_STRINGS = NO;
				SWIFT_VERSION = 5.0;
				TARGETED_DEVICE_FAMILY = "1,2";
				TEST_TARGET_NAME = MoneyTracker;
			};
			name = Debug;
		};
		424275322BA4FF73001873A3 /* Release */ = {
			isa = XCBuildConfiguration;
			buildSettings = {
				ALWAYS_EMBED_SWIFT_STANDARD_LIBRARIES = YES;
				CODE_SIGN_STYLE = Automatic;
				CURRENT_PROJECT_VERSION = 1;
				DEVELOPMENT_TEAM = 6YJ62Z4KFL;
				GENERATE_INFOPLIST_FILE = YES;
				MARKETING_VERSION = 1.0;
				PRODUCT_BUNDLE_IDENTIFIER = com.olhaBereziuk.MoneyTrackerUITests;
				PRODUCT_NAME = "$(TARGET_NAME)";
				SWIFT_EMIT_LOC_STRINGS = NO;
				SWIFT_VERSION = 5.0;
				TARGETED_DEVICE_FAMILY = "1,2";
				TEST_TARGET_NAME = MoneyTracker;
			};
			name = Release;
		};
/* End XCBuildConfiguration section */

/* Begin XCConfigurationList section */
		424275012BA4FF71001873A3 /* Build configuration list for PBXProject "MoneyTracker" */ = {
			isa = XCConfigurationList;
			buildConfigurations = (
				424275282BA4FF73001873A3 /* Debug */,
				424275292BA4FF73001873A3 /* Release */,
			);
			defaultConfigurationIsVisible = 0;
			defaultConfigurationName = Release;
		};
		4242752A2BA4FF73001873A3 /* Build configuration list for PBXNativeTarget "MoneyTracker" */ = {
			isa = XCConfigurationList;
			buildConfigurations = (
				4242752B2BA4FF73001873A3 /* Debug */,
				4242752C2BA4FF73001873A3 /* Release */,
			);
			defaultConfigurationIsVisible = 0;
			defaultConfigurationName = Release;
		};
		4242752D2BA4FF73001873A3 /* Build configuration list for PBXNativeTarget "MoneyTrackerTests" */ = {
			isa = XCConfigurationList;
			buildConfigurations = (
				4242752E2BA4FF73001873A3 /* Debug */,
				4242752F2BA4FF73001873A3 /* Release */,
			);
			defaultConfigurationIsVisible = 0;
			defaultConfigurationName = Release;
		};
		424275302BA4FF73001873A3 /* Build configuration list for PBXNativeTarget "MoneyTrackerUITests" */ = {
			isa = XCConfigurationList;
			buildConfigurations = (
				424275312BA4FF73001873A3 /* Debug */,
				424275322BA4FF73001873A3 /* Release */,
			);
			defaultConfigurationIsVisible = 0;
			defaultConfigurationName = Release;
		};
/* End XCConfigurationList section */
	};
	rootObject = 424274FE2BA4FF71001873A3 /* Project object */;
}
